// !$*UTF8*$!
{
	archiveVersion = 1;
	classes = {
	};
	objectVersion = 56;
	objects = {

/* Begin PBXBuildFile section */
		F606AA3B2B60AB1B00231B16 /* CompassHeading.swift in Sources */ = {isa = PBXBuildFile; fileRef = F606AA3A2B60AB1B00231B16 /* CompassHeading.swift */; };
		F606AA402B60AD1400231B16 /* RemoteImage.swift in Sources */ = {isa = PBXBuildFile; fileRef = F606AA3F2B60AD1400231B16 /* RemoteImage.swift */; };
		F606AA432B60AD5E00231B16 /* RemoteImageCache.swift in Sources */ = {isa = PBXBuildFile; fileRef = F606AA422B60AD5E00231B16 /* RemoteImageCache.swift */; };
		F606AA452B6134A900231B16 /* CompassRangeEnum.swift in Sources */ = {isa = PBXBuildFile; fileRef = F606AA442B6134A900231B16 /* CompassRangeEnum.swift */; };
		F606AA482B616C8800231B16 /* DirectionKeys.swift in Sources */ = {isa = PBXBuildFile; fileRef = F606AA472B616C8800231B16 /* DirectionKeys.swift */; };
		F606AA4B2B6188FF00231B16 /* StolpersteinRouteListItem.swift in Sources */ = {isa = PBXBuildFile; fileRef = F606AA4A2B6188FF00231B16 /* StolpersteinRouteListItem.swift */; };
		F62C6FDD2B26993F00101D18 /* OpenAPIRuntime in Frameworks */ = {isa = PBXBuildFile; productRef = F62C6FDC2B26993F00101D18 /* OpenAPIRuntime */; };
		F62C6FE02B26996C00101D18 /* OpenAPIURLSession in Frameworks */ = {isa = PBXBuildFile; productRef = F62C6FDF2B26996C00101D18 /* OpenAPIURLSession */; };
		F62C6FE72B269B2A00101D18 /* openapi.yaml in Resources */ = {isa = PBXBuildFile; fileRef = F62C6FE52B269B2A00101D18 /* openapi.yaml */; };
		F62C6FE82B269B2A00101D18 /* openapi-generator-config.yml in Resources */ = {isa = PBXBuildFile; fileRef = F62C6FE62B269B2A00101D18 /* openapi-generator-config.yml */; };
		F6474EA12B07688C00890712 /* AppDelegate.swift in Sources */ = {isa = PBXBuildFile; fileRef = F6474EA02B07688C00890712 /* AppDelegate.swift */; };
		F6474EA52B07688E00890712 /* Assets.xcassets in Resources */ = {isa = PBXBuildFile; fileRef = F6474EA42B07688E00890712 /* Assets.xcassets */; };
		F6474EA82B07688E00890712 /* Preview Assets.xcassets in Resources */ = {isa = PBXBuildFile; fileRef = F6474EA72B07688E00890712 /* Preview Assets.xcassets */; };
		F6474EB22B07688E00890712 /* ARStolpersteineTests.swift in Sources */ = {isa = PBXBuildFile; fileRef = F6474EB12B07688E00890712 /* ARStolpersteineTests.swift */; };
		F6474EBC2B07688E00890712 /* ARStolpersteineUITests.swift in Sources */ = {isa = PBXBuildFile; fileRef = F6474EBB2B07688E00890712 /* ARStolpersteineUITests.swift */; };
		F6474EBE2B07688E00890712 /* ARStolpersteineUITestsLaunchTests.swift in Sources */ = {isa = PBXBuildFile; fileRef = F6474EBD2B07688E00890712 /* ARStolpersteineUITestsLaunchTests.swift */; };
		F65BB7692B5DDFA50041DDD1 /* ARHoverComponent.swift in Sources */ = {isa = PBXBuildFile; fileRef = F65BB7682B5DDFA50041DDD1 /* ARHoverComponent.swift */; };
		F6E195882B07A64F0034A233 /* MapDelegate.swift in Sources */ = {isa = PBXBuildFile; fileRef = F6E195862B07A64E0034A233 /* MapDelegate.swift */; };
		F6E195892B07A64F0034A233 /* PageEnum.swift in Sources */ = {isa = PBXBuildFile; fileRef = F6E195872B07A64F0034A233 /* PageEnum.swift */; };
		F6E195912B07A6620034A233 /* CameraARView.swift in Sources */ = {isa = PBXBuildFile; fileRef = F6E1958A2B07A6620034A233 /* CameraARView.swift */; };
		F6E195942B07A6620034A233 /* MapView.swift in Sources */ = {isa = PBXBuildFile; fileRef = F6E1958D2B07A6620034A233 /* MapView.swift */; };
		F6E195962B07A6620034A233 /* HomeView.swift in Sources */ = {isa = PBXBuildFile; fileRef = F6E1958F2B07A6620034A233 /* HomeView.swift */; };
		F6E195992B07A7520034A233 /* RoutesView.swift in Sources */ = {isa = PBXBuildFile; fileRef = F6E195982B07A7520034A233 /* RoutesView.swift */; };
		F6E1959E2B083E260034A233 /* LocationManager.swift in Sources */ = {isa = PBXBuildFile; fileRef = F6E1959D2B083E260034A233 /* LocationManager.swift */; };
		F6E195A02B0846FA0034A233 /* ColorExtension.swift in Sources */ = {isa = PBXBuildFile; fileRef = F6E1959F2B0846FA0034A233 /* ColorExtension.swift */; };
/* End PBXBuildFile section */

/* Begin PBXContainerItemProxy section */
		F6474EAE2B07688E00890712 /* PBXContainerItemProxy */ = {
			isa = PBXContainerItemProxy;
			containerPortal = F6474E952B07688C00890712 /* Project object */;
			proxyType = 1;
			remoteGlobalIDString = F6474E9C2B07688C00890712;
			remoteInfo = ARStolpersteine;
		};
		F6474EB82B07688E00890712 /* PBXContainerItemProxy */ = {
			isa = PBXContainerItemProxy;
			containerPortal = F6474E952B07688C00890712 /* Project object */;
			proxyType = 1;
			remoteGlobalIDString = F6474E9C2B07688C00890712;
			remoteInfo = ARStolpersteine;
		};
/* End PBXContainerItemProxy section */

/* Begin PBXFileReference section */
		F606AA3A2B60AB1B00231B16 /* CompassHeading.swift */ = {isa = PBXFileReference; lastKnownFileType = sourcecode.swift; path = CompassHeading.swift; sourceTree = "<group>"; };
		F606AA3F2B60AD1400231B16 /* RemoteImage.swift */ = {isa = PBXFileReference; lastKnownFileType = sourcecode.swift; path = RemoteImage.swift; sourceTree = "<group>"; };
		F606AA422B60AD5E00231B16 /* RemoteImageCache.swift */ = {isa = PBXFileReference; lastKnownFileType = sourcecode.swift; path = RemoteImageCache.swift; sourceTree = "<group>"; };
		F606AA442B6134A900231B16 /* CompassRangeEnum.swift */ = {isa = PBXFileReference; lastKnownFileType = sourcecode.swift; path = CompassRangeEnum.swift; sourceTree = "<group>"; };
		F606AA472B616C8800231B16 /* DirectionKeys.swift */ = {isa = PBXFileReference; lastKnownFileType = sourcecode.swift; path = DirectionKeys.swift; sourceTree = "<group>"; };
		F606AA4A2B6188FF00231B16 /* StolpersteinRouteListItem.swift */ = {isa = PBXFileReference; lastKnownFileType = sourcecode.swift; path = StolpersteinRouteListItem.swift; sourceTree = "<group>"; };
		F62C6FE52B269B2A00101D18 /* openapi.yaml */ = {isa = PBXFileReference; fileEncoding = 4; lastKnownFileType = text.yaml; name = openapi.yaml; path = ../../openapi.yaml; sourceTree = "<group>"; };
		F62C6FE62B269B2A00101D18 /* openapi-generator-config.yml */ = {isa = PBXFileReference; fileEncoding = 4; lastKnownFileType = text.yaml; name = "openapi-generator-config.yml"; path = "../../openapi-generator-config.yml"; sourceTree = "<group>"; };
		F6474E9D2B07688C00890712 /* ARStolpersteine.app */ = {isa = PBXFileReference; explicitFileType = wrapper.application; includeInIndex = 0; path = ARStolpersteine.app; sourceTree = BUILT_PRODUCTS_DIR; };
		F6474EA02B07688C00890712 /* AppDelegate.swift */ = {isa = PBXFileReference; lastKnownFileType = sourcecode.swift; path = AppDelegate.swift; sourceTree = "<group>"; };
		F6474EA42B07688E00890712 /* Assets.xcassets */ = {isa = PBXFileReference; lastKnownFileType = folder.assetcatalog; path = Assets.xcassets; sourceTree = "<group>"; };
		F6474EA72B07688E00890712 /* Preview Assets.xcassets */ = {isa = PBXFileReference; lastKnownFileType = folder.assetcatalog; path = "Preview Assets.xcassets"; sourceTree = "<group>"; };
		F6474EAD2B07688E00890712 /* ARStolpersteineTests.xctest */ = {isa = PBXFileReference; explicitFileType = wrapper.cfbundle; includeInIndex = 0; path = ARStolpersteineTests.xctest; sourceTree = BUILT_PRODUCTS_DIR; };
		F6474EB12B07688E00890712 /* ARStolpersteineTests.swift */ = {isa = PBXFileReference; lastKnownFileType = sourcecode.swift; path = ARStolpersteineTests.swift; sourceTree = "<group>"; };
		F6474EB72B07688E00890712 /* ARStolpersteineUITests.xctest */ = {isa = PBXFileReference; explicitFileType = wrapper.cfbundle; includeInIndex = 0; path = ARStolpersteineUITests.xctest; sourceTree = BUILT_PRODUCTS_DIR; };
		F6474EBB2B07688E00890712 /* ARStolpersteineUITests.swift */ = {isa = PBXFileReference; lastKnownFileType = sourcecode.swift; path = ARStolpersteineUITests.swift; sourceTree = "<group>"; };
		F6474EBD2B07688E00890712 /* ARStolpersteineUITestsLaunchTests.swift */ = {isa = PBXFileReference; lastKnownFileType = sourcecode.swift; path = ARStolpersteineUITestsLaunchTests.swift; sourceTree = "<group>"; };
		F65BB7682B5DDFA50041DDD1 /* ARHoverComponent.swift */ = {isa = PBXFileReference; lastKnownFileType = sourcecode.swift; path = ARHoverComponent.swift; sourceTree = "<group>"; };
		F6E195612B0777C00034A233 /* Info.plist */ = {isa = PBXFileReference; lastKnownFileType = text.plist; path = Info.plist; sourceTree = "<group>"; };
		F6E195862B07A64E0034A233 /* MapDelegate.swift */ = {isa = PBXFileReference; fileEncoding = 4; lastKnownFileType = sourcecode.swift; path = MapDelegate.swift; sourceTree = "<group>"; };
		F6E195872B07A64F0034A233 /* PageEnum.swift */ = {isa = PBXFileReference; fileEncoding = 4; lastKnownFileType = sourcecode.swift; path = PageEnum.swift; sourceTree = "<group>"; };
		F6E1958A2B07A6620034A233 /* CameraARView.swift */ = {isa = PBXFileReference; fileEncoding = 4; lastKnownFileType = sourcecode.swift; path = CameraARView.swift; sourceTree = "<group>"; };
		F6E1958D2B07A6620034A233 /* MapView.swift */ = {isa = PBXFileReference; fileEncoding = 4; lastKnownFileType = sourcecode.swift; path = MapView.swift; sourceTree = "<group>"; };
		F6E1958F2B07A6620034A233 /* HomeView.swift */ = {isa = PBXFileReference; fileEncoding = 4; lastKnownFileType = sourcecode.swift; path = HomeView.swift; sourceTree = "<group>"; };
		F6E195982B07A7520034A233 /* RoutesView.swift */ = {isa = PBXFileReference; fileEncoding = 4; lastKnownFileType = sourcecode.swift; path = RoutesView.swift; sourceTree = "<group>"; };
		F6E1959D2B083E260034A233 /* LocationManager.swift */ = {isa = PBXFileReference; lastKnownFileType = sourcecode.swift; path = LocationManager.swift; sourceTree = "<group>"; };
		F6E1959F2B0846FA0034A233 /* ColorExtension.swift */ = {isa = PBXFileReference; lastKnownFileType = sourcecode.swift; path = ColorExtension.swift; sourceTree = "<group>"; };
/* End PBXFileReference section */

/* Begin PBXFrameworksBuildPhase section */
		F6474E9A2B07688C00890712 /* Frameworks */ = {
			isa = PBXFrameworksBuildPhase;
			buildActionMask = 2147483647;
			files = (
				F62C6FE02B26996C00101D18 /* OpenAPIURLSession in Frameworks */,
				F62C6FDD2B26993F00101D18 /* OpenAPIRuntime in Frameworks */,
			);
			runOnlyForDeploymentPostprocessing = 0;
		};
		F6474EAA2B07688E00890712 /* Frameworks */ = {
			isa = PBXFrameworksBuildPhase;
			buildActionMask = 2147483647;
			files = (
			);
			runOnlyForDeploymentPostprocessing = 0;
		};
		F6474EB42B07688E00890712 /* Frameworks */ = {
			isa = PBXFrameworksBuildPhase;
			buildActionMask = 2147483647;
			files = (
			);
			runOnlyForDeploymentPostprocessing = 0;
		};
/* End PBXFrameworksBuildPhase section */

/* Begin PBXGroup section */
		F606AA3D2B60ACED00231B16 /* Components */ = {
			isa = PBXGroup;
			children = (
				F606AA3F2B60AD1400231B16 /* RemoteImage.swift */,
				F606AA4A2B6188FF00231B16 /* StolpersteinRouteListItem.swift */,
			);
			path = Components;
			sourceTree = "<group>";
		};
		F606AA412B60AD4400231B16 /* Services */ = {
			isa = PBXGroup;
			children = (
				F606AA422B60AD5E00231B16 /* RemoteImageCache.swift */,
			);
			path = Services;
			sourceTree = "<group>";
		};
		F6474E942B07688C00890712 = {
			isa = PBXGroup;
			children = (
				F6474E9F2B07688C00890712 /* ARStolpersteine */,
				F6474EB02B07688E00890712 /* ARStolpersteineTests */,
				F6474EBA2B07688E00890712 /* ARStolpersteineUITests */,
				F6474E9E2B07688C00890712 /* Products */,
			);
			sourceTree = "<group>";
		};
		F6474E9E2B07688C00890712 /* Products */ = {
			isa = PBXGroup;
			children = (
				F6474E9D2B07688C00890712 /* ARStolpersteine.app */,
				F6474EAD2B07688E00890712 /* ARStolpersteineTests.xctest */,
				F6474EB72B07688E00890712 /* ARStolpersteineUITests.xctest */,
			);
			name = Products;
			sourceTree = "<group>";
		};
		F6474E9F2B07688C00890712 /* ARStolpersteine */ = {
			isa = PBXGroup;
			children = (
				F62C6FE52B269B2A00101D18 /* openapi.yaml */,
				F62C6FE62B269B2A00101D18 /* openapi-generator-config.yml */,
				F6E195612B0777C00034A233 /* Info.plist */,
				F606AA412B60AD4400231B16 /* Services */,
				F606AA3D2B60ACED00231B16 /* Components */,
				F6E1955E2B0772FD0034A233 /* views */,
				F65BB7632B5DD6760041DDD1 /* Delegates */,
				F6E195852B07A62D0034A233 /* Helper */,
				F6474EA02B07688C00890712 /* AppDelegate.swift */,
				F6474EA42B07688E00890712 /* Assets.xcassets */,
				F6474EA62B07688E00890712 /* Preview Content */,
			);
			path = ARStolpersteine;
			sourceTree = "<group>";
		};
		F6474EA62B07688E00890712 /* Preview Content */ = {
			isa = PBXGroup;
			children = (
				F6474EA72B07688E00890712 /* Preview Assets.xcassets */,
			);
			path = "Preview Content";
			sourceTree = "<group>";
		};
		F6474EB02B07688E00890712 /* ARStolpersteineTests */ = {
			isa = PBXGroup;
			children = (
				F6474EB12B07688E00890712 /* ARStolpersteineTests.swift */,
			);
			path = ARStolpersteineTests;
			sourceTree = "<group>";
		};
		F6474EBA2B07688E00890712 /* ARStolpersteineUITests */ = {
			isa = PBXGroup;
			children = (
				F6474EBB2B07688E00890712 /* ARStolpersteineUITests.swift */,
				F6474EBD2B07688E00890712 /* ARStolpersteineUITestsLaunchTests.swift */,
			);
			path = ARStolpersteineUITests;
			sourceTree = "<group>";
		};
		F65BB7632B5DD6760041DDD1 /* Delegates */ = {
			isa = PBXGroup;
			children = (
				F6E195862B07A64E0034A233 /* MapDelegate.swift */,
				F606AA3A2B60AB1B00231B16 /* CompassHeading.swift */,
			);
			path = Delegates;
			sourceTree = "<group>";
		};
		F6E1955E2B0772FD0034A233 /* views */ = {
			isa = PBXGroup;
			children = (
				F6E1959A2B07A8100034A233 /* pages */,
				F65BB7682B5DDFA50041DDD1 /* ARHoverComponent.swift */,
			);
			path = views;
			sourceTree = "<group>";
		};
		F6E195852B07A62D0034A233 /* Helper */ = {
			isa = PBXGroup;
			children = (
				F6E195872B07A64F0034A233 /* PageEnum.swift */,
				F6E1959F2B0846FA0034A233 /* ColorExtension.swift */,
				F606AA442B6134A900231B16 /* CompassRangeEnum.swift */,
				F606AA472B616C8800231B16 /* DirectionKeys.swift */,
			);
			path = Helper;
			sourceTree = "<group>";
		};
		F6E1959A2B07A8100034A233 /* pages */ = {
			isa = PBXGroup;
			children = (
				F6E1959C2B07A82F0034A233 /* tabviews */,
				F6E1958F2B07A6620034A233 /* HomeView.swift */,
			);
			path = pages;
			sourceTree = "<group>";
		};
		F6E1959B2B07A8180034A233 /* map */ = {
			isa = PBXGroup;
			children = (
				F6E1958D2B07A6620034A233 /* MapView.swift */,
				F6E1959D2B083E260034A233 /* LocationManager.swift */,
			);
			path = map;
			sourceTree = "<group>";
		};
		F6E1959C2B07A82F0034A233 /* tabviews */ = {
			isa = PBXGroup;
			children = (
				F6E195982B07A7520034A233 /* RoutesView.swift */,
				F6E1958A2B07A6620034A233 /* CameraARView.swift */,
				F6E1959B2B07A8180034A233 /* map */,
			);
			path = tabviews;
			sourceTree = "<group>";
		};
/* End PBXGroup section */

/* Begin PBXNativeTarget section */
		F6474E9C2B07688C00890712 /* ARStolpersteine */ = {
			isa = PBXNativeTarget;
			buildConfigurationList = F6474EC12B07688E00890712 /* Build configuration list for PBXNativeTarget "ARStolpersteine" */;
			buildPhases = (
				F6474E992B07688C00890712 /* Sources */,
				F6474E9A2B07688C00890712 /* Frameworks */,
				F6474E9B2B07688C00890712 /* Resources */,
			);
			buildRules = (
			);
			dependencies = (
				F62C6FE22B26998600101D18 /* PBXTargetDependency */,
			);
			name = ARStolpersteine;
			packageProductDependencies = (
				F62C6FDC2B26993F00101D18 /* OpenAPIRuntime */,
				F62C6FDF2B26996C00101D18 /* OpenAPIURLSession */,
			);
			productName = ARStolpersteine;
			productReference = F6474E9D2B07688C00890712 /* ARStolpersteine.app */;
			productType = "com.apple.product-type.application";
		};
		F6474EAC2B07688E00890712 /* ARStolpersteineTests */ = {
			isa = PBXNativeTarget;
			buildConfigurationList = F6474EC42B07688E00890712 /* Build configuration list for PBXNativeTarget "ARStolpersteineTests" */;
			buildPhases = (
				F6474EA92B07688E00890712 /* Sources */,
				F6474EAA2B07688E00890712 /* Frameworks */,
				F6474EAB2B07688E00890712 /* Resources */,
			);
			buildRules = (
			);
			dependencies = (
				F6474EAF2B07688E00890712 /* PBXTargetDependency */,
			);
			name = ARStolpersteineTests;
			productName = ARStolpersteineTests;
			productReference = F6474EAD2B07688E00890712 /* ARStolpersteineTests.xctest */;
			productType = "com.apple.product-type.bundle.unit-test";
		};
		F6474EB62B07688E00890712 /* ARStolpersteineUITests */ = {
			isa = PBXNativeTarget;
			buildConfigurationList = F6474EC72B07688E00890712 /* Build configuration list for PBXNativeTarget "ARStolpersteineUITests" */;
			buildPhases = (
				F6474EB32B07688E00890712 /* Sources */,
				F6474EB42B07688E00890712 /* Frameworks */,
				F6474EB52B07688E00890712 /* Resources */,
			);
			buildRules = (
			);
			dependencies = (
				F6474EB92B07688E00890712 /* PBXTargetDependency */,
			);
			name = ARStolpersteineUITests;
			productName = ARStolpersteineUITests;
			productReference = F6474EB72B07688E00890712 /* ARStolpersteineUITests.xctest */;
			productType = "com.apple.product-type.bundle.ui-testing";
		};
/* End PBXNativeTarget section */

/* Begin PBXProject section */
		F6474E952B07688C00890712 /* Project object */ = {
			isa = PBXProject;
			attributes = {
				BuildIndependentTargetsInParallel = 1;
				LastSwiftUpdateCheck = 1500;
				LastUpgradeCheck = 1500;
				TargetAttributes = {
					F6474E9C2B07688C00890712 = {
						CreatedOnToolsVersion = 15.0.1;
					};
					F6474EAC2B07688E00890712 = {
						CreatedOnToolsVersion = 15.0.1;
						TestTargetID = F6474E9C2B07688C00890712;
					};
					F6474EB62B07688E00890712 = {
						CreatedOnToolsVersion = 15.0.1;
						TestTargetID = F6474E9C2B07688C00890712;
					};
				};
			};
			buildConfigurationList = F6474E982B07688C00890712 /* Build configuration list for PBXProject "ARStolpersteine" */;
			compatibilityVersion = "Xcode 14.0";
			developmentRegion = en;
			hasScannedForEncodings = 0;
			knownRegions = (
				en,
				Base,
			);
			mainGroup = F6474E942B07688C00890712;
			packageReferences = (
				F62C6FDA2B2698F800101D18 /* XCRemoteSwiftPackageReference "swift-openapi-generator" */,
				F62C6FDB2B26993F00101D18 /* XCRemoteSwiftPackageReference "swift-openapi-runtime" */,
				F62C6FDE2B26996C00101D18 /* XCRemoteSwiftPackageReference "swift-openapi-urlsession" */,
			);
			productRefGroup = F6474E9E2B07688C00890712 /* Products */;
			projectDirPath = "";
			projectRoot = "";
			targets = (
				F6474E9C2B07688C00890712 /* ARStolpersteine */,
				F6474EAC2B07688E00890712 /* ARStolpersteineTests */,
				F6474EB62B07688E00890712 /* ARStolpersteineUITests */,
			);
		};
/* End PBXProject section */

/* Begin PBXResourcesBuildPhase section */
		F6474E9B2B07688C00890712 /* Resources */ = {
			isa = PBXResourcesBuildPhase;
			buildActionMask = 2147483647;
			files = (
				F62C6FE72B269B2A00101D18 /* openapi.yaml in Resources */,
				F6474EA82B07688E00890712 /* Preview Assets.xcassets in Resources */,
				F62C6FE82B269B2A00101D18 /* openapi-generator-config.yml in Resources */,
				F6474EA52B07688E00890712 /* Assets.xcassets in Resources */,
			);
			runOnlyForDeploymentPostprocessing = 0;
		};
		F6474EAB2B07688E00890712 /* Resources */ = {
			isa = PBXResourcesBuildPhase;
			buildActionMask = 2147483647;
			files = (
			);
			runOnlyForDeploymentPostprocessing = 0;
		};
		F6474EB52B07688E00890712 /* Resources */ = {
			isa = PBXResourcesBuildPhase;
			buildActionMask = 2147483647;
			files = (
			);
			runOnlyForDeploymentPostprocessing = 0;
		};
/* End PBXResourcesBuildPhase section */

/* Begin PBXSourcesBuildPhase section */
		F6474E992B07688C00890712 /* Sources */ = {
			isa = PBXSourcesBuildPhase;
			buildActionMask = 2147483647;
			files = (
				F606AA4B2B6188FF00231B16 /* StolpersteinRouteListItem.swift in Sources */,
				F606AA482B616C8800231B16 /* DirectionKeys.swift in Sources */,
				F6E195992B07A7520034A233 /* RoutesView.swift in Sources */,
				F6E195882B07A64F0034A233 /* MapDelegate.swift in Sources */,
				F6E195942B07A6620034A233 /* MapView.swift in Sources */,
				F606AA402B60AD1400231B16 /* RemoteImage.swift in Sources */,
				F606AA3B2B60AB1B00231B16 /* CompassHeading.swift in Sources */,
				F6E195A02B0846FA0034A233 /* ColorExtension.swift in Sources */,
				F606AA432B60AD5E00231B16 /* RemoteImageCache.swift in Sources */,
				F606AA452B6134A900231B16 /* CompassRangeEnum.swift in Sources */,
				F6E195962B07A6620034A233 /* HomeView.swift in Sources */,
				F6474EA12B07688C00890712 /* AppDelegate.swift in Sources */,
				F6E195912B07A6620034A233 /* CameraARView.swift in Sources */,
				F65BB7692B5DDFA50041DDD1 /* ARHoverComponent.swift in Sources */,
				F6E195892B07A64F0034A233 /* PageEnum.swift in Sources */,
				F6E1959E2B083E260034A233 /* LocationManager.swift in Sources */,
			);
			runOnlyForDeploymentPostprocessing = 0;
		};
		F6474EA92B07688E00890712 /* Sources */ = {
			isa = PBXSourcesBuildPhase;
			buildActionMask = 2147483647;
			files = (
				F6474EB22B07688E00890712 /* ARStolpersteineTests.swift in Sources */,
			);
			runOnlyForDeploymentPostprocessing = 0;
		};
		F6474EB32B07688E00890712 /* Sources */ = {
			isa = PBXSourcesBuildPhase;
			buildActionMask = 2147483647;
			files = (
				F6474EBC2B07688E00890712 /* ARStolpersteineUITests.swift in Sources */,
				F6474EBE2B07688E00890712 /* ARStolpersteineUITestsLaunchTests.swift in Sources */,
			);
			runOnlyForDeploymentPostprocessing = 0;
		};
/* End PBXSourcesBuildPhase section */

/* Begin PBXTargetDependency section */
		F62C6FE22B26998600101D18 /* PBXTargetDependency */ = {
			isa = PBXTargetDependency;
			productRef = F62C6FE12B26998600101D18 /* OpenAPIGenerator */;
		};
		F6474EAF2B07688E00890712 /* PBXTargetDependency */ = {
			isa = PBXTargetDependency;
			target = F6474E9C2B07688C00890712 /* ARStolpersteine */;
			targetProxy = F6474EAE2B07688E00890712 /* PBXContainerItemProxy */;
		};
		F6474EB92B07688E00890712 /* PBXTargetDependency */ = {
			isa = PBXTargetDependency;
			target = F6474E9C2B07688C00890712 /* ARStolpersteine */;
			targetProxy = F6474EB82B07688E00890712 /* PBXContainerItemProxy */;
		};
/* End PBXTargetDependency section */

/* Begin XCBuildConfiguration section */
		F6474EBF2B07688E00890712 /* Debug */ = {
			isa = XCBuildConfiguration;
			buildSettings = {
				ALWAYS_SEARCH_USER_PATHS = NO;
				ASSETCATALOG_COMPILER_GENERATE_SWIFT_ASSET_SYMBOL_EXTENSIONS = YES;
				CLANG_ANALYZER_NONNULL = YES;
				CLANG_ANALYZER_NUMBER_OBJECT_CONVERSION = YES_AGGRESSIVE;
				CLANG_CXX_LANGUAGE_STANDARD = "gnu++20";
				CLANG_ENABLE_MODULES = YES;
				CLANG_ENABLE_OBJC_ARC = YES;
				CLANG_ENABLE_OBJC_WEAK = YES;
				CLANG_WARN_BLOCK_CAPTURE_AUTORELEASING = YES;
				CLANG_WARN_BOOL_CONVERSION = YES;
				CLANG_WARN_COMMA = YES;
				CLANG_WARN_CONSTANT_CONVERSION = YES;
				CLANG_WARN_DEPRECATED_OBJC_IMPLEMENTATIONS = YES;
				CLANG_WARN_DIRECT_OBJC_ISA_USAGE = YES_ERROR;
				CLANG_WARN_DOCUMENTATION_COMMENTS = YES;
				CLANG_WARN_EMPTY_BODY = YES;
				CLANG_WARN_ENUM_CONVERSION = YES;
				CLANG_WARN_INFINITE_RECURSION = YES;
				CLANG_WARN_INT_CONVERSION = YES;
				CLANG_WARN_NON_LITERAL_NULL_CONVERSION = YES;
				CLANG_WARN_OBJC_IMPLICIT_RETAIN_SELF = YES;
				CLANG_WARN_OBJC_LITERAL_CONVERSION = YES;
				CLANG_WARN_OBJC_ROOT_CLASS = YES_ERROR;
				CLANG_WARN_QUOTED_INCLUDE_IN_FRAMEWORK_HEADER = YES;
				CLANG_WARN_RANGE_LOOP_ANALYSIS = YES;
				CLANG_WARN_STRICT_PROTOTYPES = YES;
				CLANG_WARN_SUSPICIOUS_MOVE = YES;
				CLANG_WARN_UNGUARDED_AVAILABILITY = YES_AGGRESSIVE;
				CLANG_WARN_UNREACHABLE_CODE = YES;
				CLANG_WARN__DUPLICATE_METHOD_MATCH = YES;
				COPY_PHASE_STRIP = NO;
				DEBUG_INFORMATION_FORMAT = dwarf;
				ENABLE_STRICT_OBJC_MSGSEND = YES;
				ENABLE_TESTABILITY = YES;
				ENABLE_USER_SCRIPT_SANDBOXING = YES;
				GCC_C_LANGUAGE_STANDARD = gnu17;
				GCC_DYNAMIC_NO_PIC = NO;
				GCC_NO_COMMON_BLOCKS = YES;
				GCC_OPTIMIZATION_LEVEL = 0;
				GCC_PREPROCESSOR_DEFINITIONS = (
					"DEBUG=1",
					"$(inherited)",
				);
				GCC_WARN_64_TO_32_BIT_CONVERSION = YES;
				GCC_WARN_ABOUT_RETURN_TYPE = YES_ERROR;
				GCC_WARN_UNDECLARED_SELECTOR = YES;
				GCC_WARN_UNINITIALIZED_AUTOS = YES_AGGRESSIVE;
				GCC_WARN_UNUSED_FUNCTION = YES;
				GCC_WARN_UNUSED_VARIABLE = YES;
				IPHONEOS_DEPLOYMENT_TARGET = 17.0;
				LOCALIZATION_PREFERS_STRING_CATALOGS = YES;
				MTL_ENABLE_DEBUG_INFO = INCLUDE_SOURCE;
				MTL_FAST_MATH = YES;
				ONLY_ACTIVE_ARCH = YES;
				SDKROOT = iphoneos;
				SWIFT_ACTIVE_COMPILATION_CONDITIONS = "DEBUG $(inherited)";
				SWIFT_OPTIMIZATION_LEVEL = "-Onone";
			};
			name = Debug;
		};
		F6474EC02B07688E00890712 /* Release */ = {
			isa = XCBuildConfiguration;
			buildSettings = {
				ALWAYS_SEARCH_USER_PATHS = NO;
				ASSETCATALOG_COMPILER_GENERATE_SWIFT_ASSET_SYMBOL_EXTENSIONS = YES;
				CLANG_ANALYZER_NONNULL = YES;
				CLANG_ANALYZER_NUMBER_OBJECT_CONVERSION = YES_AGGRESSIVE;
				CLANG_CXX_LANGUAGE_STANDARD = "gnu++20";
				CLANG_ENABLE_MODULES = YES;
				CLANG_ENABLE_OBJC_ARC = YES;
				CLANG_ENABLE_OBJC_WEAK = YES;
				CLANG_WARN_BLOCK_CAPTURE_AUTORELEASING = YES;
				CLANG_WARN_BOOL_CONVERSION = YES;
				CLANG_WARN_COMMA = YES;
				CLANG_WARN_CONSTANT_CONVERSION = YES;
				CLANG_WARN_DEPRECATED_OBJC_IMPLEMENTATIONS = YES;
				CLANG_WARN_DIRECT_OBJC_ISA_USAGE = YES_ERROR;
				CLANG_WARN_DOCUMENTATION_COMMENTS = YES;
				CLANG_WARN_EMPTY_BODY = YES;
				CLANG_WARN_ENUM_CONVERSION = YES;
				CLANG_WARN_INFINITE_RECURSION = YES;
				CLANG_WARN_INT_CONVERSION = YES;
				CLANG_WARN_NON_LITERAL_NULL_CONVERSION = YES;
				CLANG_WARN_OBJC_IMPLICIT_RETAIN_SELF = YES;
				CLANG_WARN_OBJC_LITERAL_CONVERSION = YES;
				CLANG_WARN_OBJC_ROOT_CLASS = YES_ERROR;
				CLANG_WARN_QUOTED_INCLUDE_IN_FRAMEWORK_HEADER = YES;
				CLANG_WARN_RANGE_LOOP_ANALYSIS = YES;
				CLANG_WARN_STRICT_PROTOTYPES = YES;
				CLANG_WARN_SUSPICIOUS_MOVE = YES;
				CLANG_WARN_UNGUARDED_AVAILABILITY = YES_AGGRESSIVE;
				CLANG_WARN_UNREACHABLE_CODE = YES;
				CLANG_WARN__DUPLICATE_METHOD_MATCH = YES;
				COPY_PHASE_STRIP = NO;
				DEBUG_INFORMATION_FORMAT = "dwarf-with-dsym";
				ENABLE_NS_ASSERTIONS = NO;
				ENABLE_STRICT_OBJC_MSGSEND = YES;
				ENABLE_USER_SCRIPT_SANDBOXING = YES;
				GCC_C_LANGUAGE_STANDARD = gnu17;
				GCC_NO_COMMON_BLOCKS = YES;
				GCC_WARN_64_TO_32_BIT_CONVERSION = YES;
				GCC_WARN_ABOUT_RETURN_TYPE = YES_ERROR;
				GCC_WARN_UNDECLARED_SELECTOR = YES;
				GCC_WARN_UNINITIALIZED_AUTOS = YES_AGGRESSIVE;
				GCC_WARN_UNUSED_FUNCTION = YES;
				GCC_WARN_UNUSED_VARIABLE = YES;
				IPHONEOS_DEPLOYMENT_TARGET = 17.0;
				LOCALIZATION_PREFERS_STRING_CATALOGS = YES;
				MTL_ENABLE_DEBUG_INFO = NO;
				MTL_FAST_MATH = YES;
				SDKROOT = iphoneos;
				SWIFT_COMPILATION_MODE = wholemodule;
				VALIDATE_PRODUCT = YES;
			};
			name = Release;
		};
		F6474EC22B07688E00890712 /* Debug */ = {
			isa = XCBuildConfiguration;
			buildSettings = {
				ASSETCATALOG_COMPILER_APPICON_NAME = AppIcon;
				ASSETCATALOG_COMPILER_GLOBAL_ACCENT_COLOR_NAME = AccentColor;
				CODE_SIGN_STYLE = Automatic;
				CURRENT_PROJECT_VERSION = 1;
				DEVELOPMENT_ASSET_PATHS = "\"ARStolpersteine/Preview Content\"";
				DEVELOPMENT_TEAM = 9K8U9LWJZJ;
				ENABLE_PREVIEWS = YES;
				GENERATE_INFOPLIST_FILE = YES;
				INFOPLIST_FILE = ARStolpersteine/Info.plist;
				INFOPLIST_KEY_NSCameraUsageDescription = "";
				INFOPLIST_KEY_NSLocationWhenInUseUsageDescription = "We need the Location to display Stumbling Blocks in the your area";
				INFOPLIST_KEY_UIApplicationSupportsIndirectInputEvents = YES;
				INFOPLIST_KEY_UIRequiredDeviceCapabilities = "arkit gps location-services";
				INFOPLIST_KEY_UIStatusBarHidden = YES;
				INFOPLIST_KEY_UISupportedInterfaceOrientations_iPad = "UIInterfaceOrientationPortrait UIInterfaceOrientationPortraitUpsideDown UIInterfaceOrientationLandscapeLeft UIInterfaceOrientationLandscapeRight";
				INFOPLIST_KEY_UISupportedInterfaceOrientations_iPhone = "UIInterfaceOrientationPortrait UIInterfaceOrientationLandscapeLeft UIInterfaceOrientationLandscapeRight";
				LD_RUNPATH_SEARCH_PATHS = (
					"$(inherited)",
					"@executable_path/Frameworks",
				);
				MARKETING_VERSION = 1.0;
				PRODUCT_BUNDLE_IDENTIFIER = com.thws.ios.ARStolpersteine;
				PRODUCT_NAME = "$(TARGET_NAME)";
				SWIFT_EMIT_LOC_STRINGS = YES;
				SWIFT_VERSION = 5.0;
				TARGETED_DEVICE_FAMILY = "1,2";
			};
			name = Debug;
		};
		F6474EC32B07688E00890712 /* Release */ = {
			isa = XCBuildConfiguration;
			buildSettings = {
				ASSETCATALOG_COMPILER_APPICON_NAME = AppIcon;
				ASSETCATALOG_COMPILER_GLOBAL_ACCENT_COLOR_NAME = AccentColor;
				CODE_SIGN_STYLE = Automatic;
				CURRENT_PROJECT_VERSION = 1;
				DEVELOPMENT_ASSET_PATHS = "\"ARStolpersteine/Preview Content\"";
				DEVELOPMENT_TEAM = 9K8U9LWJZJ;
				ENABLE_PREVIEWS = YES;
				GENERATE_INFOPLIST_FILE = YES;
				INFOPLIST_FILE = ARStolpersteine/Info.plist;
				INFOPLIST_KEY_NSCameraUsageDescription = "";
				INFOPLIST_KEY_NSLocationWhenInUseUsageDescription = "We need the Location to display Stumbling Blocks in the your area";
				INFOPLIST_KEY_UIApplicationSupportsIndirectInputEvents = YES;
				INFOPLIST_KEY_UIRequiredDeviceCapabilities = "arkit gps location-services";
				INFOPLIST_KEY_UIStatusBarHidden = YES;
				INFOPLIST_KEY_UISupportedInterfaceOrientations_iPad = "UIInterfaceOrientationPortrait UIInterfaceOrientationPortraitUpsideDown UIInterfaceOrientationLandscapeLeft UIInterfaceOrientationLandscapeRight";
				INFOPLIST_KEY_UISupportedInterfaceOrientations_iPhone = "UIInterfaceOrientationPortrait UIInterfaceOrientationLandscapeLeft UIInterfaceOrientationLandscapeRight";
				LD_RUNPATH_SEARCH_PATHS = (
					"$(inherited)",
					"@executable_path/Frameworks",
				);
				MARKETING_VERSION = 1.0;
				PRODUCT_BUNDLE_IDENTIFIER = com.thws.ios.ARStolpersteine;
				PRODUCT_NAME = "$(TARGET_NAME)";
				SWIFT_EMIT_LOC_STRINGS = YES;
				SWIFT_VERSION = 5.0;
				TARGETED_DEVICE_FAMILY = "1,2";
			};
			name = Release;
		};
		F6474EC52B07688E00890712 /* Debug */ = {
			isa = XCBuildConfiguration;
			buildSettings = {
				ALWAYS_EMBED_SWIFT_STANDARD_LIBRARIES = YES;
				BUNDLE_LOADER = "$(TEST_HOST)";
				CODE_SIGN_STYLE = Automatic;
				CURRENT_PROJECT_VERSION = 1;
				DEVELOPMENT_TEAM = 9K8U9LWJZJ;
				GENERATE_INFOPLIST_FILE = YES;
				IPHONEOS_DEPLOYMENT_TARGET = 17.0;
				MARKETING_VERSION = 1.0;
				PRODUCT_BUNDLE_IDENTIFIER = com.thws.ios.ARStolpersteineTests;
				PRODUCT_NAME = "$(TARGET_NAME)";
				SWIFT_EMIT_LOC_STRINGS = NO;
				SWIFT_VERSION = 5.0;
				TARGETED_DEVICE_FAMILY = "1,2";
				TEST_HOST = "$(BUILT_PRODUCTS_DIR)/ARStolpersteine.app/$(BUNDLE_EXECUTABLE_FOLDER_PATH)/ARStolpersteine";
			};
			name = Debug;
		};
		F6474EC62B07688E00890712 /* Release */ = {
			isa = XCBuildConfiguration;
			buildSettings = {
				ALWAYS_EMBED_SWIFT_STANDARD_LIBRARIES = YES;
				BUNDLE_LOADER = "$(TEST_HOST)";
				CODE_SIGN_STYLE = Automatic;
				CURRENT_PROJECT_VERSION = 1;
				DEVELOPMENT_TEAM = 9K8U9LWJZJ;
				GENERATE_INFOPLIST_FILE = YES;
				IPHONEOS_DEPLOYMENT_TARGET = 17.0;
				MARKETING_VERSION = 1.0;
				PRODUCT_BUNDLE_IDENTIFIER = com.thws.ios.ARStolpersteineTests;
				PRODUCT_NAME = "$(TARGET_NAME)";
				SWIFT_EMIT_LOC_STRINGS = NO;
				SWIFT_VERSION = 5.0;
				TARGETED_DEVICE_FAMILY = "1,2";
				TEST_HOST = "$(BUILT_PRODUCTS_DIR)/ARStolpersteine.app/$(BUNDLE_EXECUTABLE_FOLDER_PATH)/ARStolpersteine";
			};
			name = Release;
		};
		F6474EC82B07688E00890712 /* Debug */ = {
			isa = XCBuildConfiguration;
			buildSettings = {
				ALWAYS_EMBED_SWIFT_STANDARD_LIBRARIES = YES;
				CODE_SIGN_STYLE = Automatic;
				CURRENT_PROJECT_VERSION = 1;
				DEVELOPMENT_TEAM = 9K8U9LWJZJ;
				GENERATE_INFOPLIST_FILE = YES;
				MARKETING_VERSION = 1.0;
				PRODUCT_BUNDLE_IDENTIFIER = com.thws.ios.ARStolpersteineUITests;
				PRODUCT_NAME = "$(TARGET_NAME)";
				SWIFT_EMIT_LOC_STRINGS = NO;
				SWIFT_VERSION = 5.0;
				TARGETED_DEVICE_FAMILY = "1,2";
				TEST_TARGET_NAME = ARStolpersteine;
			};
			name = Debug;
		};
		F6474EC92B07688E00890712 /* Release */ = {
			isa = XCBuildConfiguration;
			buildSettings = {
				ALWAYS_EMBED_SWIFT_STANDARD_LIBRARIES = YES;
				CODE_SIGN_STYLE = Automatic;
				CURRENT_PROJECT_VERSION = 1;
				DEVELOPMENT_TEAM = 9K8U9LWJZJ;
				GENERATE_INFOPLIST_FILE = YES;
				MARKETING_VERSION = 1.0;
				PRODUCT_BUNDLE_IDENTIFIER = com.thws.ios.ARStolpersteineUITests;
				PRODUCT_NAME = "$(TARGET_NAME)";
				SWIFT_EMIT_LOC_STRINGS = NO;
				SWIFT_VERSION = 5.0;
				TARGETED_DEVICE_FAMILY = "1,2";
				TEST_TARGET_NAME = ARStolpersteine;
			};
			name = Release;
		};
/* End XCBuildConfiguration section */

/* Begin XCConfigurationList section */
		F6474E982B07688C00890712 /* Build configuration list for PBXProject "ARStolpersteine" */ = {
			isa = XCConfigurationList;
			buildConfigurations = (
				F6474EBF2B07688E00890712 /* Debug */,
				F6474EC02B07688E00890712 /* Release */,
			);
			defaultConfigurationIsVisible = 0;
			defaultConfigurationName = Release;
		};
		F6474EC12B07688E00890712 /* Build configuration list for PBXNativeTarget "ARStolpersteine" */ = {
			isa = XCConfigurationList;
			buildConfigurations = (
				F6474EC22B07688E00890712 /* Debug */,
				F6474EC32B07688E00890712 /* Release */,
			);
			defaultConfigurationIsVisible = 0;
			defaultConfigurationName = Release;
		};
		F6474EC42B07688E00890712 /* Build configuration list for PBXNativeTarget "ARStolpersteineTests" */ = {
			isa = XCConfigurationList;
			buildConfigurations = (
				F6474EC52B07688E00890712 /* Debug */,
				F6474EC62B07688E00890712 /* Release */,
			);
			defaultConfigurationIsVisible = 0;
			defaultConfigurationName = Release;
		};
		F6474EC72B07688E00890712 /* Build configuration list for PBXNativeTarget "ARStolpersteineUITests" */ = {
			isa = XCConfigurationList;
			buildConfigurations = (
				F6474EC82B07688E00890712 /* Debug */,
				F6474EC92B07688E00890712 /* Release */,
			);
			defaultConfigurationIsVisible = 0;
			defaultConfigurationName = Release;
		};
/* End XCConfigurationList section */

/* Begin XCRemoteSwiftPackageReference section */
		F62C6FDA2B2698F800101D18 /* XCRemoteSwiftPackageReference "swift-openapi-generator" */ = {
			isa = XCRemoteSwiftPackageReference;
			repositoryURL = "https://github.com/apple/swift-openapi-generator";
			requirement = {
				kind = upToNextMinorVersion;
				minimumVersion = 0.3.5;
			};
		};
		F62C6FDB2B26993F00101D18 /* XCRemoteSwiftPackageReference "swift-openapi-runtime" */ = {
			isa = XCRemoteSwiftPackageReference;
			repositoryURL = "https://github.com/apple/swift-openapi-runtime";
			requirement = {
				kind = upToNextMinorVersion;
				minimumVersion = 0.3.6;
			};
		};
		F62C6FDE2B26996C00101D18 /* XCRemoteSwiftPackageReference "swift-openapi-urlsession" */ = {
			isa = XCRemoteSwiftPackageReference;
			repositoryURL = "https://github.com/apple/swift-openapi-urlsession";
			requirement = {
				kind = upToNextMinorVersion;
				minimumVersion = 0.3.1;
			};
		};
/* End XCRemoteSwiftPackageReference section */

/* Begin XCSwiftPackageProductDependency section */
		F62C6FDC2B26993F00101D18 /* OpenAPIRuntime */ = {
			isa = XCSwiftPackageProductDependency;
			package = F62C6FDB2B26993F00101D18 /* XCRemoteSwiftPackageReference "swift-openapi-runtime" */;
			productName = OpenAPIRuntime;
		};
		F62C6FDF2B26996C00101D18 /* OpenAPIURLSession */ = {
			isa = XCSwiftPackageProductDependency;
			package = F62C6FDE2B26996C00101D18 /* XCRemoteSwiftPackageReference "swift-openapi-urlsession" */;
			productName = OpenAPIURLSession;
		};
		F62C6FE12B26998600101D18 /* OpenAPIGenerator */ = {
			isa = XCSwiftPackageProductDependency;
			package = F62C6FDA2B2698F800101D18 /* XCRemoteSwiftPackageReference "swift-openapi-generator" */;
			productName = "plugin:OpenAPIGenerator";
		};
/* End XCSwiftPackageProductDependency section */
	};
	rootObject = F6474E952B07688C00890712 /* Project object */;
}
