// !$*UTF8*$!
{
	archiveVersion = 1;
	classes = {
	};
	objectVersion = 56;
	objects = {

/* Begin PBXBuildFile section */
		F6474EA12B07688C00890712 /* AppDelegate.swift in Sources */ = {isa = PBXBuildFile; fileRef = F6474EA02B07688C00890712 /* AppDelegate.swift */; };
		F6474EA32B07688C00890712 /* ContentView.swift in Sources */ = {isa = PBXBuildFile; fileRef = F6474EA22B07688C00890712 /* ContentView.swift */; };
		F6474EA52B07688E00890712 /* Assets.xcassets in Resources */ = {isa = PBXBuildFile; fileRef = F6474EA42B07688E00890712 /* Assets.xcassets */; };
		F6474EA82B07688E00890712 /* Preview Assets.xcassets in Resources */ = {isa = PBXBuildFile; fileRef = F6474EA72B07688E00890712 /* Preview Assets.xcassets */; };
		F6474EB22B07688E00890712 /* ARStolpersteineTests.swift in Sources */ = {isa = PBXBuildFile; fileRef = F6474EB12B07688E00890712 /* ARStolpersteineTests.swift */; };
		F6474EBC2B07688E00890712 /* ARStolpersteineUITests.swift in Sources */ = {isa = PBXBuildFile; fileRef = F6474EBB2B07688E00890712 /* ARStolpersteineUITests.swift */; };
		F6474EBE2B07688E00890712 /* ARStolpersteineUITestsLaunchTests.swift in Sources */ = {isa = PBXBuildFile; fileRef = F6474EBD2B07688E00890712 /* ARStolpersteineUITestsLaunchTests.swift */; };
/* End PBXBuildFile section */

/* Begin PBXContainerItemProxy section */
		F6474EAE2B07688E00890712 /* PBXContainerItemProxy */ = {
			isa = PBXContainerItemProxy;
			containerPortal = F6474E952B07688C00890712 /* Project object */;
			proxyType = 1;
			remoteGlobalIDString = F6474E9C2B07688C00890712;
			remoteInfo = ARStolpersteine;
		};
		F6474EB82B07688E00890712 /* PBXContainerItemProxy */ = {
			isa = PBXContainerItemProxy;
			containerPortal = F6474E952B07688C00890712 /* Project object */;
			proxyType = 1;
			remoteGlobalIDString = F6474E9C2B07688C00890712;
			remoteInfo = ARStolpersteine;
		};
/* End PBXContainerItemProxy section */

/* Begin PBXFileReference section */
		F6474E9D2B07688C00890712 /* ARStolpersteine.app */ = {isa = PBXFileReference; explicitFileType = wrapper.application; includeInIndex = 0; path = ARStolpersteine.app; sourceTree = BUILT_PRODUCTS_DIR; };
		F6474EA02B07688C00890712 /* AppDelegate.swift */ = {isa = PBXFileReference; lastKnownFileType = sourcecode.swift; path = AppDelegate.swift; sourceTree = "<group>"; };
		F6474EA22B07688C00890712 /* ContentView.swift */ = {isa = PBXFileReference; lastKnownFileType = sourcecode.swift; path = ContentView.swift; sourceTree = "<group>"; };
		F6474EA42B07688E00890712 /* Assets.xcassets */ = {isa = PBXFileReference; lastKnownFileType = folder.assetcatalog; path = Assets.xcassets; sourceTree = "<group>"; };
		F6474EA72B07688E00890712 /* Preview Assets.xcassets */ = {isa = PBXFileReference; lastKnownFileType = folder.assetcatalog; path = "Preview Assets.xcassets"; sourceTree = "<group>"; };
		F6474EAD2B07688E00890712 /* ARStolpersteineTests.xctest */ = {isa = PBXFileReference; explicitFileType = wrapper.cfbundle; includeInIndex = 0; path = ARStolpersteineTests.xctest; sourceTree = BUILT_PRODUCTS_DIR; };
		F6474EB12B07688E00890712 /* ARStolpersteineTests.swift */ = {isa = PBXFileReference; lastKnownFileType = sourcecode.swift; path = ARStolpersteineTests.swift; sourceTree = "<group>"; };
		F6474EB72B07688E00890712 /* ARStolpersteineUITests.xctest */ = {isa = PBXFileReference; explicitFileType = wrapper.cfbundle; includeInIndex = 0; path = ARStolpersteineUITests.xctest; sourceTree = BUILT_PRODUCTS_DIR; };
		F6474EBB2B07688E00890712 /* ARStolpersteineUITests.swift */ = {isa = PBXFileReference; lastKnownFileType = sourcecode.swift; path = ARStolpersteineUITests.swift; sourceTree = "<group>"; };
		F6474EBD2B07688E00890712 /* ARStolpersteineUITestsLaunchTests.swift */ = {isa = PBXFileReference; lastKnownFileType = sourcecode.swift; path = ARStolpersteineUITestsLaunchTests.swift; sourceTree = "<group>"; };
/* End PBXFileReference section */

/* Begin PBXFrameworksBuildPhase section */
		F6474E9A2B07688C00890712 /* Frameworks */ = {
			isa = PBXFrameworksBuildPhase;
			buildActionMask = 2147483647;
			files = (
			);
			runOnlyForDeploymentPostprocessing = 0;
		};
		F6474EAA2B07688E00890712 /* Frameworks */ = {
			isa = PBXFrameworksBuildPhase;
			buildActionMask = 2147483647;
			files = (
			);
			runOnlyForDeploymentPostprocessing = 0;
		};
		F6474EB42B07688E00890712 /* Frameworks */ = {
			isa = PBXFrameworksBuildPhase;
			buildActionMask = 2147483647;
			files = (
			);
			runOnlyForDeploymentPostprocessing = 0;
		};
/* End PBXFrameworksBuildPhase section */

/* Begin PBXGroup section */
		F6474E942B07688C00890712 = {
			isa = PBXGroup;
			children = (
				F6474E9F2B07688C00890712 /* ARStolpersteine */,
				F6474EB02B07688E00890712 /* ARStolpersteineTests */,
				F6474EBA2B07688E00890712 /* ARStolpersteineUITests */,
				F6474E9E2B07688C00890712 /* Products */,
			);
			sourceTree = "<group>";
		};
		F6474E9E2B07688C00890712 /* Products */ = {
			isa = PBXGroup;
			children = (
				F6474E9D2B07688C00890712 /* ARStolpersteine.app */,
				F6474EAD2B07688E00890712 /* ARStolpersteineTests.xctest */,
				F6474EB72B07688E00890712 /* ARStolpersteineUITests.xctest */,
			);
			name = Products;
			sourceTree = "<group>";
		};
		F6474E9F2B07688C00890712 /* ARStolpersteine */ = {
			isa = PBXGroup;
			children = (
				F6474EA02B07688C00890712 /* AppDelegate.swift */,
				F6474EA22B07688C00890712 /* ContentView.swift */,
				F6474EA42B07688E00890712 /* Assets.xcassets */,
				F6474EA62B07688E00890712 /* Preview Content */,
			);
			path = ARStolpersteine;
			sourceTree = "<group>";
		};
		F6474EA62B07688E00890712 /* Preview Content */ = {
			isa = PBXGroup;
			children = (
				F6474EA72B07688E00890712 /* Preview Assets.xcassets */,
			);
			path = "Preview Content";
			sourceTree = "<group>";
		};
		F6474EB02B07688E00890712 /* ARStolpersteineTests */ = {
			isa = PBXGroup;
			children = (
				F6474EB12B07688E00890712 /* ARStolpersteineTests.swift */,
			);
			path = ARStolpersteineTests;
			sourceTree = "<group>";
		};
		F6474EBA2B07688E00890712 /* ARStolpersteineUITests */ = {
			isa = PBXGroup;
			children = (
				F6474EBB2B07688E00890712 /* ARStolpersteineUITests.swift */,
				F6474EBD2B07688E00890712 /* ARStolpersteineUITestsLaunchTests.swift */,
			);
			path = ARStolpersteineUITests;
			sourceTree = "<group>";
		};
/* End PBXGroup section */

/* Begin PBXNativeTarget section */
		F6474E9C2B07688C00890712 /* ARStolpersteine */ = {
			isa = PBXNativeTarget;
			buildConfigurationList = F6474EC12B07688E00890712 /* Build configuration list for PBXNativeTarget "ARStolpersteine" */;
			buildPhases = (
				F6474E992B07688C00890712 /* Sources */,
				F6474E9A2B07688C00890712 /* Frameworks */,
				F6474E9B2B07688C00890712 /* Resources */,
			);
			buildRules = (
			);
			dependencies = (
			);
			name = ARStolpersteine;
			productName = ARStolpersteine;
			productReference = F6474E9D2B07688C00890712 /* ARStolpersteine.app */;
			productType = "com.apple.product-type.application";
		};
		F6474EAC2B07688E00890712 /* ARStolpersteineTests */ = {
			isa = PBXNativeTarget;
			buildConfigurationList = F6474EC42B07688E00890712 /* Build configuration list for PBXNativeTarget "ARStolpersteineTests" */;
			buildPhases = (
				F6474EA92B07688E00890712 /* Sources */,
				F6474EAA2B07688E00890712 /* Frameworks */,
				F6474EAB2B07688E00890712 /* Resources */,
			);
			buildRules = (
			);
			dependencies = (
				F6474EAF2B07688E00890712 /* PBXTargetDependency */,
			);
			name = ARStolpersteineTests;
			productName = ARStolpersteineTests;
			productReference = F6474EAD2B07688E00890712 /* ARStolpersteineTests.xctest */;
			productType = "com.apple.product-type.bundle.unit-test";
		};
		F6474EB62B07688E00890712 /* ARStolpersteineUITests */ = {
			isa = PBXNativeTarget;
			buildConfigurationList = F6474EC72B07688E00890712 /* Build configuration list for PBXNativeTarget "ARStolpersteineUITests" */;
			buildPhases = (
				F6474EB32B07688E00890712 /* Sources */,
				F6474EB42B07688E00890712 /* Frameworks */,
				F6474EB52B07688E00890712 /* Resources */,
			);
			buildRules = (
			);
			dependencies = (
				F6474EB92B07688E00890712 /* PBXTargetDependency */,
			);
			name = ARStolpersteineUITests;
			productName = ARStolpersteineUITests;
			productReference = F6474EB72B07688E00890712 /* ARStolpersteineUITests.xctest */;
			productType = "com.apple.product-type.bundle.ui-testing";
		};
/* End PBXNativeTarget section */

/* Begin PBXProject section */
		F6474E952B07688C00890712 /* Project object */ = {
			isa = PBXProject;
			attributes = {
				BuildIndependentTargetsInParallel = 1;
				LastSwiftUpdateCheck = 1500;
				LastUpgradeCheck = 1500;
				TargetAttributes = {
					F6474E9C2B07688C00890712 = {
						CreatedOnToolsVersion = 15.0.1;
					};
					F6474EAC2B07688E00890712 = {
						CreatedOnToolsVersion = 15.0.1;
						TestTargetID = F6474E9C2B07688C00890712;
					};
					F6474EB62B07688E00890712 = {
						CreatedOnToolsVersion = 15.0.1;
						TestTargetID = F6474E9C2B07688C00890712;
					};
				};
			};
			buildConfigurationList = F6474E982B07688C00890712 /* Build configuration list for PBXProject "ARStolpersteine" */;
			compatibilityVersion = "Xcode 14.0";
			developmentRegion = en;
			hasScannedForEncodings = 0;
			knownRegions = (
				en,
				Base,
			);
			mainGroup = F6474E942B07688C00890712;
			productRefGroup = F6474E9E2B07688C00890712 /* Products */;
			projectDirPath = "";
			projectRoot = "";
			targets = (
				F6474E9C2B07688C00890712 /* ARStolpersteine */,
				F6474EAC2B07688E00890712 /* ARStolpersteineTests */,
				F6474EB62B07688E00890712 /* ARStolpersteineUITests */,
			);
		};
/* End PBXProject section */

/* Begin PBXResourcesBuildPhase section */
		F6474E9B2B07688C00890712 /* Resources */ = {
			isa = PBXResourcesBuildPhase;
			buildActionMask = 2147483647;
			files = (
				F6474EA82B07688E00890712 /* Preview Assets.xcassets in Resources */,
				F6474EA52B07688E00890712 /* Assets.xcassets in Resources */,
			);
			runOnlyForDeploymentPostprocessing = 0;
		};
		F6474EAB2B07688E00890712 /* Resources */ = {
			isa = PBXResourcesBuildPhase;
			buildActionMask = 2147483647;
			files = (
			);
			runOnlyForDeploymentPostprocessing = 0;
		};
		F6474EB52B07688E00890712 /* Resources */ = {
			isa = PBXResourcesBuildPhase;
			buildActionMask = 2147483647;
			files = (
			);
			runOnlyForDeploymentPostprocessing = 0;
		};
/* End PBXResourcesBuildPhase section */

/* Begin PBXSourcesBuildPhase section */
		F6474E992B07688C00890712 /* Sources */ = {
			isa = PBXSourcesBuildPhase;
			buildActionMask = 2147483647;
			files = (
				F6474EA32B07688C00890712 /* ContentView.swift in Sources */,
				F6474EA12B07688C00890712 /* AppDelegate.swift in Sources */,
			);
			runOnlyForDeploymentPostprocessing = 0;
		};
		F6474EA92B07688E00890712 /* Sources */ = {
			isa = PBXSourcesBuildPhase;
			buildActionMask = 2147483647;
			files = (
				F6474EB22B07688E00890712 /* ARStolpersteineTests.swift in Sources */,
			);
			runOnlyForDeploymentPostprocessing = 0;
		};
		F6474EB32B07688E00890712 /* Sources */ = {
			isa = PBXSourcesBuildPhase;
			buildActionMask = 2147483647;
			files = (
				F6474EBC2B07688E00890712 /* ARStolpersteineUITests.swift in Sources */,
				F6474EBE2B07688E00890712 /* ARStolpersteineUITestsLaunchTests.swift in Sources */,
			);
			runOnlyForDeploymentPostprocessing = 0;
		};
/* End PBXSourcesBuildPhase section */

/* Begin PBXTargetDependency section */
		F6474EAF2B07688E00890712 /* PBXTargetDependency */ = {
			isa = PBXTargetDependency;
			target = F6474E9C2B07688C00890712 /* ARStolpersteine */;
			targetProxy = F6474EAE2B07688E00890712 /* PBXContainerItemProxy */;
		};
		F6474EB92B07688E00890712 /* PBXTargetDependency */ = {
			isa = PBXTargetDependency;
			target = F6474E9C2B07688C00890712 /* ARStolpersteine */;
			targetProxy = F6474EB82B07688E00890712 /* PBXContainerItemProxy */;
		};
/* End PBXTargetDependency section */

/* Begin XCBuildConfiguration section */
		F6474EBF2B07688E00890712 /* Debug */ = {
			isa = XCBuildConfiguration;
			buildSettings = {
				ALWAYS_SEARCH_USER_PATHS = NO;
				ASSETCATALOG_COMPILER_GENERATE_SWIFT_ASSET_SYMBOL_EXTENSIONS = YES;
				CLANG_ANALYZER_NONNULL = YES;
				CLANG_ANALYZER_NUMBER_OBJECT_CONVERSION = YES_AGGRESSIVE;
				CLANG_CXX_LANGUAGE_STANDARD = "gnu++20";
				CLANG_ENABLE_MODULES = YES;
				CLANG_ENABLE_OBJC_ARC = YES;
				CLANG_ENABLE_OBJC_WEAK = YES;
				CLANG_WARN_BLOCK_CAPTURE_AUTORELEASING = YES;
				CLANG_WARN_BOOL_CONVERSION = YES;
				CLANG_WARN_COMMA = YES;
				CLANG_WARN_CONSTANT_CONVERSION = YES;
				CLANG_WARN_DEPRECATED_OBJC_IMPLEMENTATIONS = YES;
				CLANG_WARN_DIRECT_OBJC_ISA_USAGE = YES_ERROR;
				CLANG_WARN_DOCUMENTATION_COMMENTS = YES;
				CLANG_WARN_EMPTY_BODY = YES;
				CLANG_WARN_ENUM_CONVERSION = YES;
				CLANG_WARN_INFINITE_RECURSION = YES;
				CLANG_WARN_INT_CONVERSION = YES;
				CLANG_WARN_NON_LITERAL_NULL_CONVERSION = YES;
				CLANG_WARN_OBJC_IMPLICIT_RETAIN_SELF = YES;
				CLANG_WARN_OBJC_LITERAL_CONVERSION = YES;
				CLANG_WARN_OBJC_ROOT_CLASS = YES_ERROR;
				CLANG_WARN_QUOTED_INCLUDE_IN_FRAMEWORK_HEADER = YES;
				CLANG_WARN_RANGE_LOOP_ANALYSIS = YES;
				CLANG_WARN_STRICT_PROTOTYPES = YES;
				CLANG_WARN_SUSPICIOUS_MOVE = YES;
				CLANG_WARN_UNGUARDED_AVAILABILITY = YES_AGGRESSIVE;
				CLANG_WARN_UNREACHABLE_CODE = YES;
				CLANG_WARN__DUPLICATE_METHOD_MATCH = YES;
				COPY_PHASE_STRIP = NO;
				DEBUG_INFORMATION_FORMAT = dwarf;
				ENABLE_STRICT_OBJC_MSGSEND = YES;
				ENABLE_TESTABILITY = YES;
				ENABLE_USER_SCRIPT_SANDBOXING = YES;
				GCC_C_LANGUAGE_STANDARD = gnu17;
				GCC_DYNAMIC_NO_PIC = NO;
				GCC_NO_COMMON_BLOCKS = YES;
				GCC_OPTIMIZATION_LEVEL = 0;
				GCC_PREPROCESSOR_DEFINITIONS = (
					"DEBUG=1",
					"$(inherited)",
				);
				GCC_WARN_64_TO_32_BIT_CONVERSION = YES;
				GCC_WARN_ABOUT_RETURN_TYPE = YES_ERROR;
				GCC_WARN_UNDECLARED_SELECTOR = YES;
				GCC_WARN_UNINITIALIZED_AUTOS = YES_AGGRESSIVE;
				GCC_WARN_UNUSED_FUNCTION = YES;
				GCC_WARN_UNUSED_VARIABLE = YES;
				IPHONEOS_DEPLOYMENT_TARGET = 17.0;
				LOCALIZATION_PREFERS_STRING_CATALOGS = YES;
				MTL_ENABLE_DEBUG_INFO = INCLUDE_SOURCE;
				MTL_FAST_MATH = YES;
				ONLY_ACTIVE_ARCH = YES;
				SDKROOT = iphoneos;
				SWIFT_ACTIVE_COMPILATION_CONDITIONS = "DEBUG $(inherited)";
				SWIFT_OPTIMIZATION_LEVEL = "-Onone";
			};
			name = Debug;
		};
		F6474EC02B07688E00890712 /* Release */ = {
			isa = XCBuildConfiguration;
			buildSettings = {
				ALWAYS_SEARCH_USER_PATHS = NO;
				ASSETCATALOG_COMPILER_GENERATE_SWIFT_ASSET_SYMBOL_EXTENSIONS = YES;
				CLANG_ANALYZER_NONNULL = YES;
				CLANG_ANALYZER_NUMBER_OBJECT_CONVERSION = YES_AGGRESSIVE;
				CLANG_CXX_LANGUAGE_STANDARD = "gnu++20";
				CLANG_ENABLE_MODULES = YES;
				CLANG_ENABLE_OBJC_ARC = YES;
				CLANG_ENABLE_OBJC_WEAK = YES;
				CLANG_WARN_BLOCK_CAPTURE_AUTORELEASING = YES;
				CLANG_WARN_BOOL_CONVERSION = YES;
				CLANG_WARN_COMMA = YES;
				CLANG_WARN_CONSTANT_CONVERSION = YES;
				CLANG_WARN_DEPRECATED_OBJC_IMPLEMENTATIONS = YES;
				CLANG_WARN_DIRECT_OBJC_ISA_USAGE = YES_ERROR;
				CLANG_WARN_DOCUMENTATION_COMMENTS = YES;
				CLANG_WARN_EMPTY_BODY = YES;
				CLANG_WARN_ENUM_CONVERSION = YES;
				CLANG_WARN_INFINITE_RECURSION = YES;
				CLANG_WARN_INT_CONVERSION = YES;
				CLANG_WARN_NON_LITERAL_NULL_CONVERSION = YES;
				CLANG_WARN_OBJC_IMPLICIT_RETAIN_SELF = YES;
				CLANG_WARN_OBJC_LITERAL_CONVERSION = YES;
				CLANG_WARN_OBJC_ROOT_CLASS = YES_ERROR;
				CLANG_WARN_QUOTED_INCLUDE_IN_FRAMEWORK_HEADER = YES;
				CLANG_WARN_RANGE_LOOP_ANALYSIS = YES;
				CLANG_WARN_STRICT_PROTOTYPES = YES;
				CLANG_WARN_SUSPICIOUS_MOVE = YES;
				CLANG_WARN_UNGUARDED_AVAILABILITY = YES_AGGRESSIVE;
				CLANG_WARN_UNREACHABLE_CODE = YES;
				CLANG_WARN__DUPLICATE_METHOD_MATCH = YES;
				COPY_PHASE_STRIP = NO;
				DEBUG_INFORMATION_FORMAT = "dwarf-with-dsym";
				ENABLE_NS_ASSERTIONS = NO;
				ENABLE_STRICT_OBJC_MSGSEND = YES;
				ENABLE_USER_SCRIPT_SANDBOXING = YES;
				GCC_C_LANGUAGE_STANDARD = gnu17;
				GCC_NO_COMMON_BLOCKS = YES;
				GCC_WARN_64_TO_32_BIT_CONVERSION = YES;
				GCC_WARN_ABOUT_RETURN_TYPE = YES_ERROR;
				GCC_WARN_UNDECLARED_SELECTOR = YES;
				GCC_WARN_UNINITIALIZED_AUTOS = YES_AGGRESSIVE;
				GCC_WARN_UNUSED_FUNCTION = YES;
				GCC_WARN_UNUSED_VARIABLE = YES;
				IPHONEOS_DEPLOYMENT_TARGET = 17.0;
				LOCALIZATION_PREFERS_STRING_CATALOGS = YES;
				MTL_ENABLE_DEBUG_INFO = NO;
				MTL_FAST_MATH = YES;
				SDKROOT = iphoneos;
				SWIFT_COMPILATION_MODE = wholemodule;
				VALIDATE_PRODUCT = YES;
			};
			name = Release;
		};
		F6474EC22B07688E00890712 /* Debug */ = {
			isa = XCBuildConfiguration;
			buildSettings = {
				ASSETCATALOG_COMPILER_APPICON_NAME = AppIcon;
				ASSETCATALOG_COMPILER_GLOBAL_ACCENT_COLOR_NAME = AccentColor;
				CODE_SIGN_STYLE = Automatic;
				CURRENT_PROJECT_VERSION = 1;
				DEVELOPMENT_ASSET_PATHS = "\"ARStolpersteine/Preview Content\"";
				DEVELOPMENT_TEAM = 9K8U9LWJZJ;
				ENABLE_PREVIEWS = YES;
				GENERATE_INFOPLIST_FILE = YES;
				INFOPLIST_KEY_NSCameraUsageDescription = "";
				INFOPLIST_KEY_UIApplicationSupportsIndirectInputEvents = YES;
				INFOPLIST_KEY_UILaunchScreen_Generation = YES;
				INFOPLIST_KEY_UIRequiredDeviceCapabilities = arkit;
				INFOPLIST_KEY_UIStatusBarHidden = YES;
				INFOPLIST_KEY_UISupportedInterfaceOrientations_iPad = "UIInterfaceOrientationPortrait UIInterfaceOrientationPortraitUpsideDown UIInterfaceOrientationLandscapeLeft UIInterfaceOrientationLandscapeRight";
				INFOPLIST_KEY_UISupportedInterfaceOrientations_iPhone = "UIInterfaceOrientationPortrait UIInterfaceOrientationLandscapeLeft UIInterfaceOrientationLandscapeRight";
				LD_RUNPATH_SEARCH_PATHS = (
					"$(inherited)",
					"@executable_path/Frameworks",
				);
				MARKETING_VERSION = 1.0;
				PRODUCT_BUNDLE_IDENTIFIER = com.thws.ios.ARStolpersteine;
				PRODUCT_NAME = "$(TARGET_NAME)";
				SWIFT_EMIT_LOC_STRINGS = YES;
				SWIFT_VERSION = 5.0;
				TARGETED_DEVICE_FAMILY = "1,2";
			};
			name = Debug;
		};
		F6474EC32B07688E00890712 /* Release */ = {
			isa = XCBuildConfiguration;
			buildSettings = {
				ASSETCATALOG_COMPILER_APPICON_NAME = AppIcon;
				ASSETCATALOG_COMPILER_GLOBAL_ACCENT_COLOR_NAME = AccentColor;
				CODE_SIGN_STYLE = Automatic;
				CURRENT_PROJECT_VERSION = 1;
				DEVELOPMENT_ASSET_PATHS = "\"ARStolpersteine/Preview Content\"";
				DEVELOPMENT_TEAM = 9K8U9LWJZJ;
				ENABLE_PREVIEWS = YES;
				GENERATE_INFOPLIST_FILE = YES;
				INFOPLIST_KEY_NSCameraUsageDescription = "";
				INFOPLIST_KEY_UIApplicationSupportsIndirectInputEvents = YES;
				INFOPLIST_KEY_UILaunchScreen_Generation = YES;
				INFOPLIST_KEY_UIRequiredDeviceCapabilities = arkit;
				INFOPLIST_KEY_UIStatusBarHidden = YES;
				INFOPLIST_KEY_UISupportedInterfaceOrientations_iPad = "UIInterfaceOrientationPortrait UIInterfaceOrientationPortraitUpsideDown UIInterfaceOrientationLandscapeLeft UIInterfaceOrientationLandscapeRight";
				INFOPLIST_KEY_UISupportedInterfaceOrientations_iPhone = "UIInterfaceOrientationPortrait UIInterfaceOrientationLandscapeLeft UIInterfaceOrientationLandscapeRight";
				LD_RUNPATH_SEARCH_PATHS = (
					"$(inherited)",
					"@executable_path/Frameworks",
				);
				MARKETING_VERSION = 1.0;
				PRODUCT_BUNDLE_IDENTIFIER = com.thws.ios.ARStolpersteine;
				PRODUCT_NAME = "$(TARGET_NAME)";
				SWIFT_EMIT_LOC_STRINGS = YES;
				SWIFT_VERSION = 5.0;
				TARGETED_DEVICE_FAMILY = "1,2";
			};
			name = Release;
		};
		F6474EC52B07688E00890712 /* Debug */ = {
			isa = XCBuildConfiguration;
			buildSettings = {
				ALWAYS_EMBED_SWIFT_STANDARD_LIBRARIES = YES;
				BUNDLE_LOADER = "$(TEST_HOST)";
				CODE_SIGN_STYLE = Automatic;
				CURRENT_PROJECT_VERSION = 1;
				DEVELOPMENT_TEAM = 9K8U9LWJZJ;
				GENERATE_INFOPLIST_FILE = YES;
				IPHONEOS_DEPLOYMENT_TARGET = 17.0;
				MARKETING_VERSION = 1.0;
				PRODUCT_BUNDLE_IDENTIFIER = com.thws.ios.ARStolpersteineTests;
				PRODUCT_NAME = "$(TARGET_NAME)";
				SWIFT_EMIT_LOC_STRINGS = NO;
				SWIFT_VERSION = 5.0;
				TARGETED_DEVICE_FAMILY = "1,2";
				TEST_HOST = "$(BUILT_PRODUCTS_DIR)/ARStolpersteine.app/$(BUNDLE_EXECUTABLE_FOLDER_PATH)/ARStolpersteine";
			};
			name = Debug;
		};
		F6474EC62B07688E00890712 /* Release */ = {
			isa = XCBuildConfiguration;
			buildSettings = {
				ALWAYS_EMBED_SWIFT_STANDARD_LIBRARIES = YES;
				BUNDLE_LOADER = "$(TEST_HOST)";
				CODE_SIGN_STYLE = Automatic;
				CURRENT_PROJECT_VERSION = 1;
				DEVELOPMENT_TEAM = 9K8U9LWJZJ;
				GENERATE_INFOPLIST_FILE = YES;
				IPHONEOS_DEPLOYMENT_TARGET = 17.0;
				MARKETING_VERSION = 1.0;
				PRODUCT_BUNDLE_IDENTIFIER = com.thws.ios.ARStolpersteineTests;
				PRODUCT_NAME = "$(TARGET_NAME)";
				SWIFT_EMIT_LOC_STRINGS = NO;
				SWIFT_VERSION = 5.0;
				TARGETED_DEVICE_FAMILY = "1,2";
				TEST_HOST = "$(BUILT_PRODUCTS_DIR)/ARStolpersteine.app/$(BUNDLE_EXECUTABLE_FOLDER_PATH)/ARStolpersteine";
			};
			name = Release;
		};
		F6474EC82B07688E00890712 /* Debug */ = {
			isa = XCBuildConfiguration;
			buildSettings = {
				ALWAYS_EMBED_SWIFT_STANDARD_LIBRARIES = YES;
				CODE_SIGN_STYLE = Automatic;
				CURRENT_PROJECT_VERSION = 1;
				DEVELOPMENT_TEAM = 9K8U9LWJZJ;
				GENERATE_INFOPLIST_FILE = YES;
				MARKETING_VERSION = 1.0;
				PRODUCT_BUNDLE_IDENTIFIER = com.thws.ios.ARStolpersteineUITests;
				PRODUCT_NAME = "$(TARGET_NAME)";
				SWIFT_EMIT_LOC_STRINGS = NO;
				SWIFT_VERSION = 5.0;
				TARGETED_DEVICE_FAMILY = "1,2";
				TEST_TARGET_NAME = ARStolpersteine;
			};
			name = Debug;
		};
		F6474EC92B07688E00890712 /* Release */ = {
			isa = XCBuildConfiguration;
			buildSettings = {
				ALWAYS_EMBED_SWIFT_STANDARD_LIBRARIES = YES;
				CODE_SIGN_STYLE = Automatic;
				CURRENT_PROJECT_VERSION = 1;
				DEVELOPMENT_TEAM = 9K8U9LWJZJ;
				GENERATE_INFOPLIST_FILE = YES;
				MARKETING_VERSION = 1.0;
				PRODUCT_BUNDLE_IDENTIFIER = com.thws.ios.ARStolpersteineUITests;
				PRODUCT_NAME = "$(TARGET_NAME)";
				SWIFT_EMIT_LOC_STRINGS = NO;
				SWIFT_VERSION = 5.0;
				TARGETED_DEVICE_FAMILY = "1,2";
				TEST_TARGET_NAME = ARStolpersteine;
			};
			name = Release;
		};
/* End XCBuildConfiguration section */

/* Begin XCConfigurationList section */
		F6474E982B07688C00890712 /* Build configuration list for PBXProject "ARStolpersteine" */ = {
			isa = XCConfigurationList;
			buildConfigurations = (
				F6474EBF2B07688E00890712 /* Debug */,
				F6474EC02B07688E00890712 /* Release */,
			);
			defaultConfigurationIsVisible = 0;
			defaultConfigurationName = Release;
		};
		F6474EC12B07688E00890712 /* Build configuration list for PBXNativeTarget "ARStolpersteine" */ = {
			isa = XCConfigurationList;
			buildConfigurations = (
				F6474EC22B07688E00890712 /* Debug */,
				F6474EC32B07688E00890712 /* Release */,
			);
			defaultConfigurationIsVisible = 0;
			defaultConfigurationName = Release;
		};
		F6474EC42B07688E00890712 /* Build configuration list for PBXNativeTarget "ARStolpersteineTests" */ = {
			isa = XCConfigurationList;
			buildConfigurations = (
				F6474EC52B07688E00890712 /* Debug */,
				F6474EC62B07688E00890712 /* Release */,
			);
			defaultConfigurationIsVisible = 0;
			defaultConfigurationName = Release;
		};
		F6474EC72B07688E00890712 /* Build configuration list for PBXNativeTarget "ARStolpersteineUITests" */ = {
			isa = XCConfigurationList;
			buildConfigurations = (
				F6474EC82B07688E00890712 /* Debug */,
				F6474EC92B07688E00890712 /* Release */,
			);
			defaultConfigurationIsVisible = 0;
			defaultConfigurationName = Release;
		};
/* End XCConfigurationList section */
	};
	rootObject = F6474E952B07688C00890712 /* Project object */;
}
